
Microsoft Visual Studio Solution File, Format Version 12.00
# Visual Studio Version 16
VisualStudioVersion = 16.0.29911.84
MinimumVisualStudioVersion = 10.0.40219.1
Project("{FAE04EC0-301F-11D3-BF4B-00C04F79EFBC}") = "UserRestApi", "UserRestApi\UserRestApi.csproj", "{71E1DBD1-DBC1-4ECC-9799-BCFE40EDCC3D}"
EndProject
Global
	GlobalSection(SolutionConfigurationPlatforms) = preSolution
		Debug|Any CPU = Debug|Any CPU
		Release|Any CPU = Release|Any CPU
	EndGlobalSection
	GlobalSection(ProjectConfigurationPlatforms) = postSolution
		{71E1DBD1-DBC1-4ECC-9799-BCFE40EDCC3D}.Debug|Any CPU.ActiveCfg = Debug|Any CPU
		{71E1DBD1-DBC1-4ECC-9799-BCFE40EDCC3D}.Debug|Any CPU.Build.0 = Debug|Any CPU
		{71E1DBD1-DBC1-4ECC-9799-BCFE40EDCC3D}.Release|Any CPU.ActiveCfg = Release|Any CPU
		{71E1DBD1-DBC1-4ECC-9799-BCFE40EDCC3D}.Release|Any CPU.Build.0 = Release|Any CPU
	EndGlobalSection
	GlobalSection(SolutionProperties) = preSolution
		HideSolutionNode = FALSE
	EndGlobalSection
	GlobalSection(ExtensibilityGlobals) = postSolution
		SolutionGuid = {91D97922-447C-477C-8811-156E063CA19B}
	EndGlobalSection
EndGlobal
